// !$*UTF8*$!
{
	archiveVersion = 1;
	classes = {
	};
	objectVersion = 56;
	objects = {

/* Begin PBXBuildFile section */
		9A72E8BE2957C1EF00A30BC0 /* AppDelegate.swift in Sources */ = {isa = PBXBuildFile; fileRef = 9A72E8BD2957C1EF00A30BC0 /* AppDelegate.swift */; };
		9A72E8C72957C1EF00A30BC0 /* Assets.xcassets in Resources */ = {isa = PBXBuildFile; fileRef = 9A72E8C62957C1EF00A30BC0 /* Assets.xcassets */; };
		9A72E8CA2957C1EF00A30BC0 /* LaunchScreen.storyboard in Resources */ = {isa = PBXBuildFile; fileRef = 9A72E8C82957C1EF00A30BC0 /* LaunchScreen.storyboard */; };
		9A72E8DF2957C1EF00A30BC0 /* DogrUITests.swift in Sources */ = {isa = PBXBuildFile; fileRef = 9A72E8DE2957C1EF00A30BC0 /* DogrUITests.swift */; };
		9A72E8E12957C1EF00A30BC0 /* DogrUITestsLaunchTests.swift in Sources */ = {isa = PBXBuildFile; fileRef = 9A72E8E02957C1EF00A30BC0 /* DogrUITestsLaunchTests.swift */; };
		9A72E8F12957C81E00A30BC0 /* TabBarController.swift in Sources */ = {isa = PBXBuildFile; fileRef = 9A72E8F02957C81E00A30BC0 /* TabBarController.swift */; };
		9A72E8F32957C8C000A30BC0 /* ViewController.swift in Sources */ = {isa = PBXBuildFile; fileRef = 9A72E8F22957C8C000A30BC0 /* ViewController.swift */; };
		9A72E8F52957CA2E00A30BC0 /* AppCoordinator.swift in Sources */ = {isa = PBXBuildFile; fileRef = 9A72E8F42957CA2E00A30BC0 /* AppCoordinator.swift */; };
		9A72E8F92957CA5700A30BC0 /* Coordinator.swift in Sources */ = {isa = PBXBuildFile; fileRef = 9A72E8F82957CA5700A30BC0 /* Coordinator.swift */; };
		9A72E8FB2957CAAD00A30BC0 /* Navigator.swift in Sources */ = {isa = PBXBuildFile; fileRef = 9A72E8FA2957CAAD00A30BC0 /* Navigator.swift */; };
		9A72E8FD2957CACB00A30BC0 /* DependencyContainer.swift in Sources */ = {isa = PBXBuildFile; fileRef = 9A72E8FC2957CACB00A30BC0 /* DependencyContainer.swift */; };
		9A72E8FF2957CB3D00A30BC0 /* NavigationController.swift in Sources */ = {isa = PBXBuildFile; fileRef = 9A72E8FE2957CB3D00A30BC0 /* NavigationController.swift */; };
		9A72E9012957CB6800A30BC0 /* NavigationBar.swift in Sources */ = {isa = PBXBuildFile; fileRef = 9A72E9002957CB6800A30BC0 /* NavigationBar.swift */; };
		9A72E9032957CB8E00A30BC0 /* NavigationBarAppearance.swift in Sources */ = {isa = PBXBuildFile; fileRef = 9A72E9022957CB8E00A30BC0 /* NavigationBarAppearance.swift */; };
		9A72E9052957CC0900A30BC0 /* TabBarCoordinator.swift in Sources */ = {isa = PBXBuildFile; fileRef = 9A72E9042957CC0900A30BC0 /* TabBarCoordinator.swift */; };
		9A72E90B2957CF8700A30BC0 /* BreedListCoordinator.swift in Sources */ = {isa = PBXBuildFile; fileRef = 9A72E90A2957CF8700A30BC0 /* BreedListCoordinator.swift */; };
		9A72E90D2957CF9100A30BC0 /* BreedPicturesCoordinator.swift in Sources */ = {isa = PBXBuildFile; fileRef = 9A72E90C2957CF9100A30BC0 /* BreedPicturesCoordinator.swift */; };
		9A72E90F2957CF9A00A30BC0 /* FavoritePicturesCoordinator.swift in Sources */ = {isa = PBXBuildFile; fileRef = 9A72E90E2957CF9A00A30BC0 /* FavoritePicturesCoordinator.swift */; };
		9A72E9112957CFA600A30BC0 /* BreedListViewController.swift in Sources */ = {isa = PBXBuildFile; fileRef = 9A72E9102957CFA600A30BC0 /* BreedListViewController.swift */; };
		9A72E9132957CFAB00A30BC0 /* BreedListViewModel.swift in Sources */ = {isa = PBXBuildFile; fileRef = 9A72E9122957CFAB00A30BC0 /* BreedListViewModel.swift */; };
		9A72E9152957D00600A30BC0 /* ViewControllerRepresentable.swift in Sources */ = {isa = PBXBuildFile; fileRef = 9A72E9142957D00600A30BC0 /* ViewControllerRepresentable.swift */; };
		9A72E9172957D0DA00A30BC0 /* BreedPicturesViewController.swift in Sources */ = {isa = PBXBuildFile; fileRef = 9A72E9162957D0DA00A30BC0 /* BreedPicturesViewController.swift */; };
		9A72E9192957D0E000A30BC0 /* BreedPicturesViewModel.swift in Sources */ = {isa = PBXBuildFile; fileRef = 9A72E9182957D0E000A30BC0 /* BreedPicturesViewModel.swift */; };
		9A72E91B2957D13800A30BC0 /* FavoritePicturesViewController.swift in Sources */ = {isa = PBXBuildFile; fileRef = 9A72E91A2957D13800A30BC0 /* FavoritePicturesViewController.swift */; };
		9A72E91D2957D13D00A30BC0 /* FavoritePicturesViewModel.swift in Sources */ = {isa = PBXBuildFile; fileRef = 9A72E91C2957D13D00A30BC0 /* FavoritePicturesViewModel.swift */; };
		9A72E9202957D2A800A30BC0 /* Localizable.swift in Sources */ = {isa = PBXBuildFile; fileRef = 9A72E91F2957D2A800A30BC0 /* Localizable.swift */; };
		9A72E9232957D36500A30BC0 /* UIImage+System.swift in Sources */ = {isa = PBXBuildFile; fileRef = 9A72E9222957D36500A30BC0 /* UIImage+System.swift */; };
		9ACEEE762958C88700B1F12E /* BreedPicturesLoader.swift in Sources */ = {isa = PBXBuildFile; fileRef = 9ACEEE752958C88700B1F12E /* BreedPicturesLoader.swift */; };
		9ACEEE792958CC0400B1F12E /* BreedPicturesModelResult.swift in Sources */ = {isa = PBXBuildFile; fileRef = 9ACEEE782958CC0400B1F12E /* BreedPicturesModelResult.swift */; };
		9ACEEE7C2958DBBE00B1F12E /* BreedPicturesCollectionViewController.swift in Sources */ = {isa = PBXBuildFile; fileRef = 9ACEEE7B2958DBBE00B1F12E /* BreedPicturesCollectionViewController.swift */; };
		9ACEEE7E2958DBDC00B1F12E /* NSDirectionalEdgeInsets.swift in Sources */ = {isa = PBXBuildFile; fileRef = 9ACEEE7D2958DBDC00B1F12E /* NSDirectionalEdgeInsets.swift */; };
		9ACEEE802958DD7900B1F12E /* BreedPictureModelViewModel.swift in Sources */ = {isa = PBXBuildFile; fileRef = 9ACEEE7F2958DD7900B1F12E /* BreedPictureModelViewModel.swift */; };
		9ACEEE822958DEA500B1F12E /* BreedPictureCell.swift in Sources */ = {isa = PBXBuildFile; fileRef = 9ACEEE812958DEA500B1F12E /* BreedPictureCell.swift */; };
		9ACEEE842959121E00B1F12E /* BreedPicturesCollectionViewLayout.swift in Sources */ = {isa = PBXBuildFile; fileRef = 9ACEEE832959121E00B1F12E /* BreedPicturesCollectionViewLayout.swift */; };
		9ACEEE862959127700B1F12E /* BreedListCollectionViewLayout.swift in Sources */ = {isa = PBXBuildFile; fileRef = 9ACEEE852959127700B1F12E /* BreedListCollectionViewLayout.swift */; };
		9ACEEE8B2959154E00B1F12E /* FavoritesRepository.swift in Sources */ = {isa = PBXBuildFile; fileRef = 9ACEEE8A2959154E00B1F12E /* FavoritesRepository.swift */; };
		9ACEEE8E2959245D00B1F12E /* BreedPictureModel.swift in Sources */ = {isa = PBXBuildFile; fileRef = 9ACEEE8D2959245D00B1F12E /* BreedPictureModel.swift */; };
		9ACEEE90295925B900B1F12E /* FavoritePicturesCollectionViewController.swift in Sources */ = {isa = PBXBuildFile; fileRef = 9ACEEE8F295925B900B1F12E /* FavoritePicturesCollectionViewController.swift */; };
		9ACEEE932959272700B1F12E /* FavoritePicturesCell.swift in Sources */ = {isa = PBXBuildFile; fileRef = 9ACEEE922959272700B1F12E /* FavoritePicturesCell.swift */; };
		9ACEEE952959299600B1F12E /* ImageCell.swift in Sources */ = {isa = PBXBuildFile; fileRef = 9ACEEE942959299600B1F12E /* ImageCell.swift */; };
		9ACEEE9829592F1C00B1F12E /* BreedPictureGroupModel.swift in Sources */ = {isa = PBXBuildFile; fileRef = 9ACEEE9729592F1C00B1F12E /* BreedPictureGroupModel.swift */; };
		9ACEEE9A2959376600B1F12E /* FavoritePicturesHeader.swift in Sources */ = {isa = PBXBuildFile; fileRef = 9ACEEE992959376600B1F12E /* FavoritePicturesHeader.swift */; };
		9ACEEE9C2959378500B1F12E /* CollectionReusableView.swift in Sources */ = {isa = PBXBuildFile; fileRef = 9ACEEE9B2959378500B1F12E /* CollectionReusableView.swift */; };
		9ACEEE9E295938AE00B1F12E /* FavoritePicturesCollectionViewLayout.swift in Sources */ = {isa = PBXBuildFile; fileRef = 9ACEEE9D295938AE00B1F12E /* FavoritePicturesCollectionViewLayout.swift */; };
		9AD6CC492957E00A0091BBC9 /* HTTPHeader.swift in Sources */ = {isa = PBXBuildFile; fileRef = 9AD6CC482957E00A0091BBC9 /* HTTPHeader.swift */; };
		9AD6CC4B2957E01B0091BBC9 /* NetworkEngine.swift in Sources */ = {isa = PBXBuildFile; fileRef = 9AD6CC4A2957E01B0091BBC9 /* NetworkEngine.swift */; };
		9AD6CC4D2957E0330091BBC9 /* NetworkRequestBuilder.swift in Sources */ = {isa = PBXBuildFile; fileRef = 9AD6CC4C2957E0330091BBC9 /* NetworkRequestBuilder.swift */; };
		9AD6CC4F2957E03F0091BBC9 /* NetworkResponseParser.swift in Sources */ = {isa = PBXBuildFile; fileRef = 9AD6CC4E2957E03F0091BBC9 /* NetworkResponseParser.swift */; };
		9AD6CC512957E0550091BBC9 /* HTTPMethod.swift in Sources */ = {isa = PBXBuildFile; fileRef = 9AD6CC502957E0550091BBC9 /* HTTPMethod.swift */; };
		9AD6CC532957E0600091BBC9 /* NetworkError.swift in Sources */ = {isa = PBXBuildFile; fileRef = 9AD6CC522957E0600091BBC9 /* NetworkError.swift */; };
		9AD6CC552957E0720091BBC9 /* URLScheme.swift in Sources */ = {isa = PBXBuildFile; fileRef = 9AD6CC542957E0720091BBC9 /* URLScheme.swift */; };
		9AD6CC582957E09A0091BBC9 /* Endpoint.swift in Sources */ = {isa = PBXBuildFile; fileRef = 9AD6CC572957E09A0091BBC9 /* Endpoint.swift */; };
		9AD6CC5B2957E1BA0091BBC9 /* BreedEndpoint.swift in Sources */ = {isa = PBXBuildFile; fileRef = 9AD6CC5A2957E1BA0091BBC9 /* BreedEndpoint.swift */; };
		9AD6CC5D2957E3880091BBC9 /* BreedListLoader.swift in Sources */ = {isa = PBXBuildFile; fileRef = 9AD6CC5C2957E3880091BBC9 /* BreedListLoader.swift */; };
		9AD6CC602957E3F90091BBC9 /* BreedListResult.swift in Sources */ = {isa = PBXBuildFile; fileRef = 9AD6CC5F2957E3F90091BBC9 /* BreedListResult.swift */; };
		9AD6CC622957E80C0091BBC9 /* BreedListModelViewModel.swift in Sources */ = {isa = PBXBuildFile; fileRef = 9AD6CC612957E80C0091BBC9 /* BreedListModelViewModel.swift */; };
		9AD6CC672957EA550091BBC9 /* BreedListCollectionViewController.swift in Sources */ = {isa = PBXBuildFile; fileRef = 9AD6CC662957EA550091BBC9 /* BreedListCollectionViewController.swift */; };
		9AD6CC692957EB770091BBC9 /* BreedListCell.swift in Sources */ = {isa = PBXBuildFile; fileRef = 9AD6CC682957EB770091BBC9 /* BreedListCell.swift */; };
		9AD6CC6B2957F3D30091BBC9 /* CollectionViewController.swift in Sources */ = {isa = PBXBuildFile; fileRef = 9AD6CC6A2957F3D30091BBC9 /* CollectionViewController.swift */; };
		9AD6CC6D2957F3F10091BBC9 /* CollectionView.swift in Sources */ = {isa = PBXBuildFile; fileRef = 9AD6CC6C2957F3F10091BBC9 /* CollectionView.swift */; };
		9AD6CC6F2957F4280091BBC9 /* CollectionViewCell.swift in Sources */ = {isa = PBXBuildFile; fileRef = 9AD6CC6E2957F4280091BBC9 /* CollectionViewCell.swift */; };
		9AD6CC712957F93F0091BBC9 /* UIView.swift in Sources */ = {isa = PBXBuildFile; fileRef = 9AD6CC702957F93F0091BBC9 /* UIView.swift */; };
		9AD6CC732957FAA90091BBC9 /* CellRegistable.swift in Sources */ = {isa = PBXBuildFile; fileRef = 9AD6CC722957FAA90091BBC9 /* CellRegistable.swift */; };
		9AD6CC752957FAC10091BBC9 /* Identifiable.swift in Sources */ = {isa = PBXBuildFile; fileRef = 9AD6CC742957FAC10091BBC9 /* Identifiable.swift */; };
		9AD6CC772957FAF80091BBC9 /* UICollectionView.swift in Sources */ = {isa = PBXBuildFile; fileRef = 9AD6CC762957FAF80091BBC9 /* UICollectionView.swift */; };
		9AD6CC792957FB070091BBC9 /* UICollectionViewCell.swift in Sources */ = {isa = PBXBuildFile; fileRef = 9AD6CC782957FB070091BBC9 /* UICollectionViewCell.swift */; };
		9AD6CC7B2957FB1E0091BBC9 /* CellDequeuable.swift in Sources */ = {isa = PBXBuildFile; fileRef = 9AD6CC7A2957FB1E0091BBC9 /* CellDequeuable.swift */; };
		9AD6CC7D2957FB430091BBC9 /* StringError.swift in Sources */ = {isa = PBXBuildFile; fileRef = 9AD6CC7C2957FB430091BBC9 /* StringError.swift */; };
		9AD6CC7F2957FC480091BBC9 /* UIViewController.swift in Sources */ = {isa = PBXBuildFile; fileRef = 9AD6CC7E2957FC480091BBC9 /* UIViewController.swift */; };
		9AD6CC812957FDC70091BBC9 /* CATransition.swift in Sources */ = {isa = PBXBuildFile; fileRef = 9AD6CC802957FDC70091BBC9 /* CATransition.swift */; };
		9ADA268B295B3F9E002320D6 /* FavoritePicturesFilterCoordinator.swift in Sources */ = {isa = PBXBuildFile; fileRef = 9ADA268A295B3F9E002320D6 /* FavoritePicturesFilterCoordinator.swift */; };
		9ADA268D295B3FB0002320D6 /* FavoritePicturesFilterViewController.swift in Sources */ = {isa = PBXBuildFile; fileRef = 9ADA268C295B3FB0002320D6 /* FavoritePicturesFilterViewController.swift */; };
		9ADA268F295B3FB7002320D6 /* FavoritePicturesFilterViewModel.swift in Sources */ = {isa = PBXBuildFile; fileRef = 9ADA268E295B3FB7002320D6 /* FavoritePicturesFilterViewModel.swift */; };
		9ADA2691295B61E3002320D6 /* FavoritePicturesFilterCollectionViewController.swift in Sources */ = {isa = PBXBuildFile; fileRef = 9ADA2690295B61E3002320D6 /* FavoritePicturesFilterCollectionViewController.swift */; };
		9ADA2696295B6517002320D6 /* FavoritePicturesFilterItemViewModel.swift in Sources */ = {isa = PBXBuildFile; fileRef = 9ADA2695295B6517002320D6 /* FavoritePicturesFilterItemViewModel.swift */; };
		9ADA2698295B65AE002320D6 /* FavoritePicturesFilterCollectionViewLayout.swift in Sources */ = {isa = PBXBuildFile; fileRef = 9ADA2697295B65AE002320D6 /* FavoritePicturesFilterCollectionViewLayout.swift */; };
		9ADA269A295B6706002320D6 /* CollectionViewListCell.swift in Sources */ = {isa = PBXBuildFile; fileRef = 9ADA2699295B6706002320D6 /* CollectionViewListCell.swift */; };
		9ADA269C295B6757002320D6 /* FavoritePicturesCollectionViewCell.swift in Sources */ = {isa = PBXBuildFile; fileRef = 9ADA269B295B6757002320D6 /* FavoritePicturesCollectionViewCell.swift */; };
		9ADA269F295B90F5002320D6 /* FavoritePicturesEmptyView.swift in Sources */ = {isa = PBXBuildFile; fileRef = 9ADA269E295B90F5002320D6 /* FavoritePicturesEmptyView.swift */; };
		9ADA26A1295B910D002320D6 /* View.swift in Sources */ = {isa = PBXBuildFile; fileRef = 9ADA26A0295B910D002320D6 /* View.swift */; };
		9AF9E9D2295B9B2E00408814 /* MockDependencyContainer.swift in Sources */ = {isa = PBXBuildFile; fileRef = 9AF9E9D1295B9B2E00408814 /* MockDependencyContainer.swift */; };
		9AF9E9D5295B9B7300408814 /* MockNetworkEngine.swift in Sources */ = {isa = PBXBuildFile; fileRef = 9AF9E9D4295B9B7300408814 /* MockNetworkEngine.swift */; };
		9AF9E9D9295B9CA700408814 /* MockFavoritesRepository.swift in Sources */ = {isa = PBXBuildFile; fileRef = 9AF9E9D8295B9CA700408814 /* MockFavoritesRepository.swift */; };
		9AF9E9DE295BB88500408814 /* BreedListCoordinatorTests.swift in Sources */ = {isa = PBXBuildFile; fileRef = 9AF9E9DD295BB88500408814 /* BreedListCoordinatorTests.swift */; };
		9AF9E9E0295BC5DE00408814 /* BreedListLoaderTests.swift in Sources */ = {isa = PBXBuildFile; fileRef = 9AF9E9DF295BC5DE00408814 /* BreedListLoaderTests.swift */; };
		9AF9E9E4295BC6ED00408814 /* BreedListResultStub.swift in Sources */ = {isa = PBXBuildFile; fileRef = 9AF9E9E3295BC6ED00408814 /* BreedListResultStub.swift */; };
		9AF9E9E6295BCB1C00408814 /* BreedListViewModelTests.swift in Sources */ = {isa = PBXBuildFile; fileRef = 9AF9E9E5295BCB1C00408814 /* BreedListViewModelTests.swift */; };
		9AF9E9EA295BCB4400408814 /* MockBreedListLoader.swift in Sources */ = {isa = PBXBuildFile; fileRef = 9AF9E9E9295BCB4400408814 /* MockBreedListLoader.swift */; };
		9AF9E9ED295BD1B400408814 /* FavoritesRepositoryTests.swift in Sources */ = {isa = PBXBuildFile; fileRef = 9AF9E9EC295BD1B400408814 /* FavoritesRepositoryTests.swift */; };
		9AF9E9F0295BD2C800408814 /* BreedPictureModel+Stub.swift in Sources */ = {isa = PBXBuildFile; fileRef = 9AF9E9EF295BD2C800408814 /* BreedPictureModel+Stub.swift */; };
/* End PBXBuildFile section */

/* Begin PBXContainerItemProxy section */
		9A72E8D12957C1EF00A30BC0 /* PBXContainerItemProxy */ = {
			isa = PBXContainerItemProxy;
			containerPortal = 9A72E8B22957C1EF00A30BC0 /* Project object */;
			proxyType = 1;
			remoteGlobalIDString = 9A72E8B92957C1EF00A30BC0;
			remoteInfo = Dogr;
		};
		9A72E8DB2957C1EF00A30BC0 /* PBXContainerItemProxy */ = {
			isa = PBXContainerItemProxy;
			containerPortal = 9A72E8B22957C1EF00A30BC0 /* Project object */;
			proxyType = 1;
			remoteGlobalIDString = 9A72E8B92957C1EF00A30BC0;
			remoteInfo = Dogr;
		};
/* End PBXContainerItemProxy section */

/* Begin PBXFileReference section */
		9A72E8BA2957C1EF00A30BC0 /* Dogr.app */ = {isa = PBXFileReference; explicitFileType = wrapper.application; includeInIndex = 0; path = Dogr.app; sourceTree = BUILT_PRODUCTS_DIR; };
		9A72E8BD2957C1EF00A30BC0 /* AppDelegate.swift */ = {isa = PBXFileReference; lastKnownFileType = sourcecode.swift; path = AppDelegate.swift; sourceTree = "<group>"; };
		9A72E8C62957C1EF00A30BC0 /* Assets.xcassets */ = {isa = PBXFileReference; lastKnownFileType = folder.assetcatalog; path = Assets.xcassets; sourceTree = "<group>"; };
		9A72E8C92957C1EF00A30BC0 /* Base */ = {isa = PBXFileReference; lastKnownFileType = file.storyboard; name = Base; path = Base.lproj/LaunchScreen.storyboard; sourceTree = "<group>"; };
		9A72E8CB2957C1EF00A30BC0 /* Info.plist */ = {isa = PBXFileReference; lastKnownFileType = text.plist.xml; path = Info.plist; sourceTree = "<group>"; };
		9A72E8D02957C1EF00A30BC0 /* DogrTests.xctest */ = {isa = PBXFileReference; explicitFileType = wrapper.cfbundle; includeInIndex = 0; path = DogrTests.xctest; sourceTree = BUILT_PRODUCTS_DIR; };
		9A72E8DA2957C1EF00A30BC0 /* DogrUITests.xctest */ = {isa = PBXFileReference; explicitFileType = wrapper.cfbundle; includeInIndex = 0; path = DogrUITests.xctest; sourceTree = BUILT_PRODUCTS_DIR; };
		9A72E8DE2957C1EF00A30BC0 /* DogrUITests.swift */ = {isa = PBXFileReference; lastKnownFileType = sourcecode.swift; path = DogrUITests.swift; sourceTree = "<group>"; };
		9A72E8E02957C1EF00A30BC0 /* DogrUITestsLaunchTests.swift */ = {isa = PBXFileReference; lastKnownFileType = sourcecode.swift; path = DogrUITestsLaunchTests.swift; sourceTree = "<group>"; };
		9A72E8F02957C81E00A30BC0 /* TabBarController.swift */ = {isa = PBXFileReference; lastKnownFileType = sourcecode.swift; path = TabBarController.swift; sourceTree = "<group>"; };
		9A72E8F22957C8C000A30BC0 /* ViewController.swift */ = {isa = PBXFileReference; lastKnownFileType = sourcecode.swift; path = ViewController.swift; sourceTree = "<group>"; };
		9A72E8F42957CA2E00A30BC0 /* AppCoordinator.swift */ = {isa = PBXFileReference; lastKnownFileType = sourcecode.swift; path = AppCoordinator.swift; sourceTree = "<group>"; };
		9A72E8F82957CA5700A30BC0 /* Coordinator.swift */ = {isa = PBXFileReference; lastKnownFileType = sourcecode.swift; path = Coordinator.swift; sourceTree = "<group>"; };
		9A72E8FA2957CAAD00A30BC0 /* Navigator.swift */ = {isa = PBXFileReference; lastKnownFileType = sourcecode.swift; path = Navigator.swift; sourceTree = "<group>"; };
		9A72E8FC2957CACB00A30BC0 /* DependencyContainer.swift */ = {isa = PBXFileReference; lastKnownFileType = sourcecode.swift; path = DependencyContainer.swift; sourceTree = "<group>"; };
		9A72E8FE2957CB3D00A30BC0 /* NavigationController.swift */ = {isa = PBXFileReference; lastKnownFileType = sourcecode.swift; path = NavigationController.swift; sourceTree = "<group>"; };
		9A72E9002957CB6800A30BC0 /* NavigationBar.swift */ = {isa = PBXFileReference; lastKnownFileType = sourcecode.swift; path = NavigationBar.swift; sourceTree = "<group>"; };
		9A72E9022957CB8E00A30BC0 /* NavigationBarAppearance.swift */ = {isa = PBXFileReference; lastKnownFileType = sourcecode.swift; path = NavigationBarAppearance.swift; sourceTree = "<group>"; };
		9A72E9042957CC0900A30BC0 /* TabBarCoordinator.swift */ = {isa = PBXFileReference; lastKnownFileType = sourcecode.swift; path = TabBarCoordinator.swift; sourceTree = "<group>"; };
		9A72E90A2957CF8700A30BC0 /* BreedListCoordinator.swift */ = {isa = PBXFileReference; lastKnownFileType = sourcecode.swift; path = BreedListCoordinator.swift; sourceTree = "<group>"; };
		9A72E90C2957CF9100A30BC0 /* BreedPicturesCoordinator.swift */ = {isa = PBXFileReference; lastKnownFileType = sourcecode.swift; path = BreedPicturesCoordinator.swift; sourceTree = "<group>"; };
		9A72E90E2957CF9A00A30BC0 /* FavoritePicturesCoordinator.swift */ = {isa = PBXFileReference; lastKnownFileType = sourcecode.swift; path = FavoritePicturesCoordinator.swift; sourceTree = "<group>"; };
		9A72E9102957CFA600A30BC0 /* BreedListViewController.swift */ = {isa = PBXFileReference; lastKnownFileType = sourcecode.swift; path = BreedListViewController.swift; sourceTree = "<group>"; };
		9A72E9122957CFAB00A30BC0 /* BreedListViewModel.swift */ = {isa = PBXFileReference; lastKnownFileType = sourcecode.swift; path = BreedListViewModel.swift; sourceTree = "<group>"; };
		9A72E9142957D00600A30BC0 /* ViewControllerRepresentable.swift */ = {isa = PBXFileReference; lastKnownFileType = sourcecode.swift; path = ViewControllerRepresentable.swift; sourceTree = "<group>"; };
		9A72E9162957D0DA00A30BC0 /* BreedPicturesViewController.swift */ = {isa = PBXFileReference; lastKnownFileType = sourcecode.swift; path = BreedPicturesViewController.swift; sourceTree = "<group>"; };
		9A72E9182957D0E000A30BC0 /* BreedPicturesViewModel.swift */ = {isa = PBXFileReference; lastKnownFileType = sourcecode.swift; path = BreedPicturesViewModel.swift; sourceTree = "<group>"; };
		9A72E91A2957D13800A30BC0 /* FavoritePicturesViewController.swift */ = {isa = PBXFileReference; lastKnownFileType = sourcecode.swift; path = FavoritePicturesViewController.swift; sourceTree = "<group>"; };
		9A72E91C2957D13D00A30BC0 /* FavoritePicturesViewModel.swift */ = {isa = PBXFileReference; lastKnownFileType = sourcecode.swift; path = FavoritePicturesViewModel.swift; sourceTree = "<group>"; };
		9A72E91F2957D2A800A30BC0 /* Localizable.swift */ = {isa = PBXFileReference; lastKnownFileType = sourcecode.swift; path = Localizable.swift; sourceTree = "<group>"; };
		9A72E9222957D36500A30BC0 /* UIImage+System.swift */ = {isa = PBXFileReference; lastKnownFileType = sourcecode.swift; path = "UIImage+System.swift"; sourceTree = "<group>"; };
		9ACEEE752958C88700B1F12E /* BreedPicturesLoader.swift */ = {isa = PBXFileReference; lastKnownFileType = sourcecode.swift; path = BreedPicturesLoader.swift; sourceTree = "<group>"; };
		9ACEEE782958CC0400B1F12E /* BreedPicturesModelResult.swift */ = {isa = PBXFileReference; lastKnownFileType = sourcecode.swift; path = BreedPicturesModelResult.swift; sourceTree = "<group>"; };
		9ACEEE7B2958DBBE00B1F12E /* BreedPicturesCollectionViewController.swift */ = {isa = PBXFileReference; lastKnownFileType = sourcecode.swift; path = BreedPicturesCollectionViewController.swift; sourceTree = "<group>"; };
		9ACEEE7D2958DBDC00B1F12E /* NSDirectionalEdgeInsets.swift */ = {isa = PBXFileReference; lastKnownFileType = sourcecode.swift; path = NSDirectionalEdgeInsets.swift; sourceTree = "<group>"; };
		9ACEEE7F2958DD7900B1F12E /* BreedPictureModelViewModel.swift */ = {isa = PBXFileReference; lastKnownFileType = sourcecode.swift; path = BreedPictureModelViewModel.swift; sourceTree = "<group>"; };
		9ACEEE812958DEA500B1F12E /* BreedPictureCell.swift */ = {isa = PBXFileReference; lastKnownFileType = sourcecode.swift; path = BreedPictureCell.swift; sourceTree = "<group>"; };
		9ACEEE832959121E00B1F12E /* BreedPicturesCollectionViewLayout.swift */ = {isa = PBXFileReference; lastKnownFileType = sourcecode.swift; path = BreedPicturesCollectionViewLayout.swift; sourceTree = "<group>"; };
		9ACEEE852959127700B1F12E /* BreedListCollectionViewLayout.swift */ = {isa = PBXFileReference; lastKnownFileType = sourcecode.swift; path = BreedListCollectionViewLayout.swift; sourceTree = "<group>"; };
		9ACEEE8A2959154E00B1F12E /* FavoritesRepository.swift */ = {isa = PBXFileReference; lastKnownFileType = sourcecode.swift; path = FavoritesRepository.swift; sourceTree = "<group>"; };
		9ACEEE8D2959245D00B1F12E /* BreedPictureModel.swift */ = {isa = PBXFileReference; lastKnownFileType = sourcecode.swift; path = BreedPictureModel.swift; sourceTree = "<group>"; };
		9ACEEE8F295925B900B1F12E /* FavoritePicturesCollectionViewController.swift */ = {isa = PBXFileReference; lastKnownFileType = sourcecode.swift; path = FavoritePicturesCollectionViewController.swift; sourceTree = "<group>"; };
		9ACEEE922959272700B1F12E /* FavoritePicturesCell.swift */ = {isa = PBXFileReference; lastKnownFileType = sourcecode.swift; path = FavoritePicturesCell.swift; sourceTree = "<group>"; };
		9ACEEE942959299600B1F12E /* ImageCell.swift */ = {isa = PBXFileReference; lastKnownFileType = sourcecode.swift; path = ImageCell.swift; sourceTree = "<group>"; };
		9ACEEE9729592F1C00B1F12E /* BreedPictureGroupModel.swift */ = {isa = PBXFileReference; lastKnownFileType = sourcecode.swift; path = BreedPictureGroupModel.swift; sourceTree = "<group>"; };
		9ACEEE992959376600B1F12E /* FavoritePicturesHeader.swift */ = {isa = PBXFileReference; lastKnownFileType = sourcecode.swift; path = FavoritePicturesHeader.swift; sourceTree = "<group>"; };
		9ACEEE9B2959378500B1F12E /* CollectionReusableView.swift */ = {isa = PBXFileReference; lastKnownFileType = sourcecode.swift; path = CollectionReusableView.swift; sourceTree = "<group>"; };
		9ACEEE9D295938AE00B1F12E /* FavoritePicturesCollectionViewLayout.swift */ = {isa = PBXFileReference; lastKnownFileType = sourcecode.swift; path = FavoritePicturesCollectionViewLayout.swift; sourceTree = "<group>"; };
		9AD6CC482957E00A0091BBC9 /* HTTPHeader.swift */ = {isa = PBXFileReference; lastKnownFileType = sourcecode.swift; path = HTTPHeader.swift; sourceTree = "<group>"; };
		9AD6CC4A2957E01B0091BBC9 /* NetworkEngine.swift */ = {isa = PBXFileReference; lastKnownFileType = sourcecode.swift; path = NetworkEngine.swift; sourceTree = "<group>"; };
		9AD6CC4C2957E0330091BBC9 /* NetworkRequestBuilder.swift */ = {isa = PBXFileReference; lastKnownFileType = sourcecode.swift; path = NetworkRequestBuilder.swift; sourceTree = "<group>"; };
		9AD6CC4E2957E03F0091BBC9 /* NetworkResponseParser.swift */ = {isa = PBXFileReference; lastKnownFileType = sourcecode.swift; path = NetworkResponseParser.swift; sourceTree = "<group>"; };
		9AD6CC502957E0550091BBC9 /* HTTPMethod.swift */ = {isa = PBXFileReference; lastKnownFileType = sourcecode.swift; path = HTTPMethod.swift; sourceTree = "<group>"; };
		9AD6CC522957E0600091BBC9 /* NetworkError.swift */ = {isa = PBXFileReference; lastKnownFileType = sourcecode.swift; path = NetworkError.swift; sourceTree = "<group>"; };
		9AD6CC542957E0720091BBC9 /* URLScheme.swift */ = {isa = PBXFileReference; lastKnownFileType = sourcecode.swift; path = URLScheme.swift; sourceTree = "<group>"; };
		9AD6CC572957E09A0091BBC9 /* Endpoint.swift */ = {isa = PBXFileReference; lastKnownFileType = sourcecode.swift; path = Endpoint.swift; sourceTree = "<group>"; };
		9AD6CC5A2957E1BA0091BBC9 /* BreedEndpoint.swift */ = {isa = PBXFileReference; lastKnownFileType = sourcecode.swift; path = BreedEndpoint.swift; sourceTree = "<group>"; };
		9AD6CC5C2957E3880091BBC9 /* BreedListLoader.swift */ = {isa = PBXFileReference; lastKnownFileType = sourcecode.swift; path = BreedListLoader.swift; sourceTree = "<group>"; };
		9AD6CC5F2957E3F90091BBC9 /* BreedListResult.swift */ = {isa = PBXFileReference; lastKnownFileType = sourcecode.swift; path = BreedListResult.swift; sourceTree = "<group>"; };
		9AD6CC612957E80C0091BBC9 /* BreedListModelViewModel.swift */ = {isa = PBXFileReference; lastKnownFileType = sourcecode.swift; path = BreedListModelViewModel.swift; sourceTree = "<group>"; };
		9AD6CC662957EA550091BBC9 /* BreedListCollectionViewController.swift */ = {isa = PBXFileReference; lastKnownFileType = sourcecode.swift; path = BreedListCollectionViewController.swift; sourceTree = "<group>"; };
		9AD6CC682957EB770091BBC9 /* BreedListCell.swift */ = {isa = PBXFileReference; lastKnownFileType = sourcecode.swift; path = BreedListCell.swift; sourceTree = "<group>"; };
		9AD6CC6A2957F3D30091BBC9 /* CollectionViewController.swift */ = {isa = PBXFileReference; lastKnownFileType = sourcecode.swift; path = CollectionViewController.swift; sourceTree = "<group>"; };
		9AD6CC6C2957F3F10091BBC9 /* CollectionView.swift */ = {isa = PBXFileReference; lastKnownFileType = sourcecode.swift; path = CollectionView.swift; sourceTree = "<group>"; };
		9AD6CC6E2957F4280091BBC9 /* CollectionViewCell.swift */ = {isa = PBXFileReference; lastKnownFileType = sourcecode.swift; path = CollectionViewCell.swift; sourceTree = "<group>"; };
		9AD6CC702957F93F0091BBC9 /* UIView.swift */ = {isa = PBXFileReference; lastKnownFileType = sourcecode.swift; path = UIView.swift; sourceTree = "<group>"; };
		9AD6CC722957FAA90091BBC9 /* CellRegistable.swift */ = {isa = PBXFileReference; lastKnownFileType = sourcecode.swift; path = CellRegistable.swift; sourceTree = "<group>"; };
		9AD6CC742957FAC10091BBC9 /* Identifiable.swift */ = {isa = PBXFileReference; lastKnownFileType = sourcecode.swift; path = Identifiable.swift; sourceTree = "<group>"; };
		9AD6CC762957FAF80091BBC9 /* UICollectionView.swift */ = {isa = PBXFileReference; lastKnownFileType = sourcecode.swift; path = UICollectionView.swift; sourceTree = "<group>"; };
		9AD6CC782957FB070091BBC9 /* UICollectionViewCell.swift */ = {isa = PBXFileReference; lastKnownFileType = sourcecode.swift; path = UICollectionViewCell.swift; sourceTree = "<group>"; };
		9AD6CC7A2957FB1E0091BBC9 /* CellDequeuable.swift */ = {isa = PBXFileReference; lastKnownFileType = sourcecode.swift; path = CellDequeuable.swift; sourceTree = "<group>"; };
		9AD6CC7C2957FB430091BBC9 /* StringError.swift */ = {isa = PBXFileReference; lastKnownFileType = sourcecode.swift; path = StringError.swift; sourceTree = "<group>"; };
		9AD6CC7E2957FC480091BBC9 /* UIViewController.swift */ = {isa = PBXFileReference; lastKnownFileType = sourcecode.swift; path = UIViewController.swift; sourceTree = "<group>"; };
		9AD6CC802957FDC70091BBC9 /* CATransition.swift */ = {isa = PBXFileReference; lastKnownFileType = sourcecode.swift; path = CATransition.swift; sourceTree = "<group>"; };
		9ADA268A295B3F9E002320D6 /* FavoritePicturesFilterCoordinator.swift */ = {isa = PBXFileReference; lastKnownFileType = sourcecode.swift; path = FavoritePicturesFilterCoordinator.swift; sourceTree = "<group>"; };
		9ADA268C295B3FB0002320D6 /* FavoritePicturesFilterViewController.swift */ = {isa = PBXFileReference; lastKnownFileType = sourcecode.swift; path = FavoritePicturesFilterViewController.swift; sourceTree = "<group>"; };
		9ADA268E295B3FB7002320D6 /* FavoritePicturesFilterViewModel.swift */ = {isa = PBXFileReference; lastKnownFileType = sourcecode.swift; path = FavoritePicturesFilterViewModel.swift; sourceTree = "<group>"; };
		9ADA2690295B61E3002320D6 /* FavoritePicturesFilterCollectionViewController.swift */ = {isa = PBXFileReference; lastKnownFileType = sourcecode.swift; path = FavoritePicturesFilterCollectionViewController.swift; sourceTree = "<group>"; };
		9ADA2695295B6517002320D6 /* FavoritePicturesFilterItemViewModel.swift */ = {isa = PBXFileReference; lastKnownFileType = sourcecode.swift; path = FavoritePicturesFilterItemViewModel.swift; sourceTree = "<group>"; };
		9ADA2697295B65AE002320D6 /* FavoritePicturesFilterCollectionViewLayout.swift */ = {isa = PBXFileReference; lastKnownFileType = sourcecode.swift; path = FavoritePicturesFilterCollectionViewLayout.swift; sourceTree = "<group>"; };
		9ADA2699295B6706002320D6 /* CollectionViewListCell.swift */ = {isa = PBXFileReference; lastKnownFileType = sourcecode.swift; path = CollectionViewListCell.swift; sourceTree = "<group>"; };
		9ADA269B295B6757002320D6 /* FavoritePicturesCollectionViewCell.swift */ = {isa = PBXFileReference; lastKnownFileType = sourcecode.swift; path = FavoritePicturesCollectionViewCell.swift; sourceTree = "<group>"; };
		9ADA269E295B90F5002320D6 /* FavoritePicturesEmptyView.swift */ = {isa = PBXFileReference; lastKnownFileType = sourcecode.swift; path = FavoritePicturesEmptyView.swift; sourceTree = "<group>"; };
		9ADA26A0295B910D002320D6 /* View.swift */ = {isa = PBXFileReference; lastKnownFileType = sourcecode.swift; path = View.swift; sourceTree = "<group>"; };
		9AF9E9D1295B9B2E00408814 /* MockDependencyContainer.swift */ = {isa = PBXFileReference; lastKnownFileType = sourcecode.swift; path = MockDependencyContainer.swift; sourceTree = "<group>"; };
		9AF9E9D4295B9B7300408814 /* MockNetworkEngine.swift */ = {isa = PBXFileReference; lastKnownFileType = sourcecode.swift; path = MockNetworkEngine.swift; sourceTree = "<group>"; };
		9AF9E9D8295B9CA700408814 /* MockFavoritesRepository.swift */ = {isa = PBXFileReference; lastKnownFileType = sourcecode.swift; path = MockFavoritesRepository.swift; sourceTree = "<group>"; };
		9AF9E9DD295BB88500408814 /* BreedListCoordinatorTests.swift */ = {isa = PBXFileReference; lastKnownFileType = sourcecode.swift; path = BreedListCoordinatorTests.swift; sourceTree = "<group>"; };
		9AF9E9DF295BC5DE00408814 /* BreedListLoaderTests.swift */ = {isa = PBXFileReference; lastKnownFileType = sourcecode.swift; path = BreedListLoaderTests.swift; sourceTree = "<group>"; };
		9AF9E9E3295BC6ED00408814 /* BreedListResultStub.swift */ = {isa = PBXFileReference; lastKnownFileType = sourcecode.swift; path = BreedListResultStub.swift; sourceTree = "<group>"; };
		9AF9E9E5295BCB1C00408814 /* BreedListViewModelTests.swift */ = {isa = PBXFileReference; lastKnownFileType = sourcecode.swift; path = BreedListViewModelTests.swift; sourceTree = "<group>"; };
		9AF9E9E9295BCB4400408814 /* MockBreedListLoader.swift */ = {isa = PBXFileReference; lastKnownFileType = sourcecode.swift; path = MockBreedListLoader.swift; sourceTree = "<group>"; };
		9AF9E9EC295BD1B400408814 /* FavoritesRepositoryTests.swift */ = {isa = PBXFileReference; lastKnownFileType = sourcecode.swift; path = FavoritesRepositoryTests.swift; sourceTree = "<group>"; };
		9AF9E9EF295BD2C800408814 /* BreedPictureModel+Stub.swift */ = {isa = PBXFileReference; lastKnownFileType = sourcecode.swift; path = "BreedPictureModel+Stub.swift"; sourceTree = "<group>"; };
/* End PBXFileReference section */

/* Begin PBXFrameworksBuildPhase section */
		9A72E8B72957C1EF00A30BC0 /* Frameworks */ = {
			isa = PBXFrameworksBuildPhase;
			buildActionMask = 2147483647;
			files = (
			);
			runOnlyForDeploymentPostprocessing = 0;
		};
		9A72E8CD2957C1EF00A30BC0 /* Frameworks */ = {
			isa = PBXFrameworksBuildPhase;
			buildActionMask = 2147483647;
			files = (
			);
			runOnlyForDeploymentPostprocessing = 0;
		};
		9A72E8D72957C1EF00A30BC0 /* Frameworks */ = {
			isa = PBXFrameworksBuildPhase;
			buildActionMask = 2147483647;
			files = (
			);
			runOnlyForDeploymentPostprocessing = 0;
		};
/* End PBXFrameworksBuildPhase section */

/* Begin PBXGroup section */
		9A72E8B12957C1EF00A30BC0 = {
			isa = PBXGroup;
			children = (
				9A72E8BC2957C1EF00A30BC0 /* Dogr */,
				9A72E8D32957C1EF00A30BC0 /* DogrTests */,
				9A72E8DD2957C1EF00A30BC0 /* DogrUITests */,
				9A72E8BB2957C1EF00A30BC0 /* Products */,
			);
			sourceTree = "<group>";
		};
		9A72E8BB2957C1EF00A30BC0 /* Products */ = {
			isa = PBXGroup;
			children = (
				9A72E8BA2957C1EF00A30BC0 /* Dogr.app */,
				9A72E8D02957C1EF00A30BC0 /* DogrTests.xctest */,
				9A72E8DA2957C1EF00A30BC0 /* DogrUITests.xctest */,
			);
			name = Products;
			sourceTree = "<group>";
		};
		9A72E8BC2957C1EF00A30BC0 /* Dogr */ = {
			isa = PBXGroup;
			children = (
				9A72E8ED2957C7E700A30BC0 /* Application */,
				9A72E8EF2957C81500A30BC0 /* Classes */,
				9AD6CC452957DFEB0091BBC9 /* Network */,
				9ACEEE892959152200B1F12E /* Persistence */,
				9A72E9062957CF2200A30BC0 /* Scenes */,
				9A72E8EE2957C7ED00A30BC0 /* Supporting Files */,
			);
			path = Dogr;
			sourceTree = "<group>";
		};
		9A72E8D32957C1EF00A30BC0 /* DogrTests */ = {
			isa = PBXGroup;
			children = (
				9AF9E9CF295B9B1B00408814 /* Mocks */,
				9AF9E9E1295BC66600408814 /* Stubs */,
				9AF9E9DA295BB85100408814 /* Tests */,
			);
			path = DogrTests;
			sourceTree = "<group>";
		};
		9A72E8DD2957C1EF00A30BC0 /* DogrUITests */ = {
			isa = PBXGroup;
			children = (
				9A72E8DE2957C1EF00A30BC0 /* DogrUITests.swift */,
				9A72E8E02957C1EF00A30BC0 /* DogrUITestsLaunchTests.swift */,
			);
			path = DogrUITests;
			sourceTree = "<group>";
		};
		9A72E8ED2957C7E700A30BC0 /* Application */ = {
			isa = PBXGroup;
			children = (
				9A72E8F42957CA2E00A30BC0 /* AppCoordinator.swift */,
				9A72E8BD2957C1EF00A30BC0 /* AppDelegate.swift */,
				9A72E8FC2957CACB00A30BC0 /* DependencyContainer.swift */,
				9A72E8FA2957CAAD00A30BC0 /* Navigator.swift */,
				9A72E9042957CC0900A30BC0 /* TabBarCoordinator.swift */,
			);
			path = Application;
			sourceTree = "<group>";
		};
		9A72E8EE2957C7ED00A30BC0 /* Supporting Files */ = {
			isa = PBXGroup;
			children = (
				9A72E8C62957C1EF00A30BC0 /* Assets.xcassets */,
				9A72E8C82957C1EF00A30BC0 /* LaunchScreen.storyboard */,
				9A72E8CB2957C1EF00A30BC0 /* Info.plist */,
			);
			path = "Supporting Files";
			sourceTree = "<group>";
		};
		9A72E8EF2957C81500A30BC0 /* Classes */ = {
			isa = PBXGroup;
			children = (
				9A72E8F62957CA4600A30BC0 /* Base */,
				9A72E91E2957D29E00A30BC0 /* Enumerations */,
				9A72E9212957D35900A30BC0 /* Extensions */,
				9A72E8F72957CA4D00A30BC0 /* Protocols */,
			);
			path = Classes;
			sourceTree = "<group>";
		};
		9A72E8F62957CA4600A30BC0 /* Base */ = {
			isa = PBXGroup;
			children = (
				9ACEEE9B2959378500B1F12E /* CollectionReusableView.swift */,
				9AD6CC6C2957F3F10091BBC9 /* CollectionView.swift */,
				9AD6CC6E2957F4280091BBC9 /* CollectionViewCell.swift */,
				9AD6CC6A2957F3D30091BBC9 /* CollectionViewController.swift */,
				9ADA2699295B6706002320D6 /* CollectionViewListCell.swift */,
				9ACEEE942959299600B1F12E /* ImageCell.swift */,
				9A72E9002957CB6800A30BC0 /* NavigationBar.swift */,
				9A72E9022957CB8E00A30BC0 /* NavigationBarAppearance.swift */,
				9A72E8FE2957CB3D00A30BC0 /* NavigationController.swift */,
				9A72E8F02957C81E00A30BC0 /* TabBarController.swift */,
				9ADA26A0295B910D002320D6 /* View.swift */,
				9A72E8F22957C8C000A30BC0 /* ViewController.swift */,
			);
			path = Base;
			sourceTree = "<group>";
		};
		9A72E8F72957CA4D00A30BC0 /* Protocols */ = {
			isa = PBXGroup;
			children = (
				9AD6CC7A2957FB1E0091BBC9 /* CellDequeuable.swift */,
				9AD6CC722957FAA90091BBC9 /* CellRegistable.swift */,
				9A72E8F82957CA5700A30BC0 /* Coordinator.swift */,
				9AD6CC742957FAC10091BBC9 /* Identifiable.swift */,
				9A72E9142957D00600A30BC0 /* ViewControllerRepresentable.swift */,
			);
			path = Protocols;
			sourceTree = "<group>";
		};
		9A72E9062957CF2200A30BC0 /* Scenes */ = {
			isa = PBXGroup;
			children = (
				9A72E9072957CF6400A30BC0 /* Breed List */,
				9A72E9082957CF6900A30BC0 /* Breed Pictures */,
				9A72E9092957CF6D00A30BC0 /* Favorite Pictures */,
			);
			path = Scenes;
			sourceTree = "<group>";
		};
		9A72E9072957CF6400A30BC0 /* Breed List */ = {
			isa = PBXGroup;
			children = (
				9AD6CC642957E9EA0091BBC9 /* Controllers */,
				9AD6CC632957E9E40091BBC9 /* Collection View */,
				9AD6CC5E2957E3AB0091BBC9 /* Model */,
			);
			path = "Breed List";
			sourceTree = "<group>";
		};
		9A72E9082957CF6900A30BC0 /* Breed Pictures */ = {
			isa = PBXGroup;
			children = (
				9ACEEE7A2958DBB200B1F12E /* Collection View */,
				9ACEEE872959140800B1F12E /* Controllers */,
				9ACEEE772958CBF600B1F12E /* Model */,
			);
			path = "Breed Pictures";
			sourceTree = "<group>";
		};
		9A72E9092957CF6D00A30BC0 /* Favorite Pictures */ = {
			isa = PBXGroup;
			children = (
				9ADA269D295B90EC002320D6 /* View */,
				9ADA2688295B3F8F002320D6 /* Scenes */,
				9ACEEE912959271C00B1F12E /* Collection View */,
				9ACEEE9629592B8F00B1F12E /* Controllers */,
			);
			path = "Favorite Pictures";
			sourceTree = "<group>";
		};
		9A72E91E2957D29E00A30BC0 /* Enumerations */ = {
			isa = PBXGroup;
			children = (
				9A72E91F2957D2A800A30BC0 /* Localizable.swift */,
				9AD6CC7C2957FB430091BBC9 /* StringError.swift */,
			);
			path = Enumerations;
			sourceTree = "<group>";
		};
		9A72E9212957D35900A30BC0 /* Extensions */ = {
			isa = PBXGroup;
			children = (
				9AD6CC802957FDC70091BBC9 /* CATransition.swift */,
				9ACEEE7D2958DBDC00B1F12E /* NSDirectionalEdgeInsets.swift */,
				9AD6CC762957FAF80091BBC9 /* UICollectionView.swift */,
				9AD6CC782957FB070091BBC9 /* UICollectionViewCell.swift */,
				9A72E9222957D36500A30BC0 /* UIImage+System.swift */,
				9AD6CC702957F93F0091BBC9 /* UIView.swift */,
				9AD6CC7E2957FC480091BBC9 /* UIViewController.swift */,
			);
			path = Extensions;
			sourceTree = "<group>";
		};
		9ACEEE772958CBF600B1F12E /* Model */ = {
			isa = PBXGroup;
			children = (
				9ACEEE7F2958DD7900B1F12E /* BreedPictureModelViewModel.swift */,
				9ACEEE782958CC0400B1F12E /* BreedPicturesModelResult.swift */,
			);
			path = Model;
			sourceTree = "<group>";
		};
		9ACEEE7A2958DBB200B1F12E /* Collection View */ = {
			isa = PBXGroup;
			children = (
				9ACEEE812958DEA500B1F12E /* BreedPictureCell.swift */,
				9ACEEE7B2958DBBE00B1F12E /* BreedPicturesCollectionViewController.swift */,
				9ACEEE832959121E00B1F12E /* BreedPicturesCollectionViewLayout.swift */,
			);
			path = "Collection View";
			sourceTree = "<group>";
		};
		9ACEEE872959140800B1F12E /* Controllers */ = {
			isa = PBXGroup;
			children = (
				9A72E90C2957CF9100A30BC0 /* BreedPicturesCoordinator.swift */,
				9ACEEE752958C88700B1F12E /* BreedPicturesLoader.swift */,
				9A72E9162957D0DA00A30BC0 /* BreedPicturesViewController.swift */,
				9A72E9182957D0E000A30BC0 /* BreedPicturesViewModel.swift */,
			);
			path = Controllers;
			sourceTree = "<group>";
		};
		9ACEEE892959152200B1F12E /* Persistence */ = {
			isa = PBXGroup;
			children = (
				9ACEEE8C2959245500B1F12E /* Favorites */,
			);
			path = Persistence;
			sourceTree = "<group>";
		};
		9ACEEE8C2959245500B1F12E /* Favorites */ = {
			isa = PBXGroup;
			children = (
				9ACEEE9729592F1C00B1F12E /* BreedPictureGroupModel.swift */,
				9ACEEE8D2959245D00B1F12E /* BreedPictureModel.swift */,
				9ACEEE8A2959154E00B1F12E /* FavoritesRepository.swift */,
			);
			path = Favorites;
			sourceTree = "<group>";
		};
		9ACEEE912959271C00B1F12E /* Collection View */ = {
			isa = PBXGroup;
			children = (
				9ACEEE922959272700B1F12E /* FavoritePicturesCell.swift */,
				9ACEEE8F295925B900B1F12E /* FavoritePicturesCollectionViewController.swift */,
				9ACEEE9D295938AE00B1F12E /* FavoritePicturesCollectionViewLayout.swift */,
				9ACEEE992959376600B1F12E /* FavoritePicturesHeader.swift */,
			);
			path = "Collection View";
			sourceTree = "<group>";
		};
		9ACEEE9629592B8F00B1F12E /* Controllers */ = {
			isa = PBXGroup;
			children = (
				9A72E90E2957CF9A00A30BC0 /* FavoritePicturesCoordinator.swift */,
				9A72E91A2957D13800A30BC0 /* FavoritePicturesViewController.swift */,
				9A72E91C2957D13D00A30BC0 /* FavoritePicturesViewModel.swift */,
			);
			path = Controllers;
			sourceTree = "<group>";
		};
		9AD6CC452957DFEB0091BBC9 /* Network */ = {
			isa = PBXGroup;
			children = (
				9AD6CC462957DFF40091BBC9 /* Classes */,
				9AD6CC592957E1AA0091BBC9 /* Endpoints */,
				9AD6CC472957DFFB0091BBC9 /* Enumerations */,
				9AD6CC562957E0920091BBC9 /* Protocols */,
			);
			path = Network;
			sourceTree = "<group>";
		};
		9AD6CC462957DFF40091BBC9 /* Classes */ = {
			isa = PBXGroup;
			children = (
				9AD6CC482957E00A0091BBC9 /* HTTPHeader.swift */,
				9AD6CC4A2957E01B0091BBC9 /* NetworkEngine.swift */,
				9AD6CC4C2957E0330091BBC9 /* NetworkRequestBuilder.swift */,
				9AD6CC4E2957E03F0091BBC9 /* NetworkResponseParser.swift */,
			);
			path = Classes;
			sourceTree = "<group>";
		};
		9AD6CC472957DFFB0091BBC9 /* Enumerations */ = {
			isa = PBXGroup;
			children = (
				9AD6CC502957E0550091BBC9 /* HTTPMethod.swift */,
				9AD6CC522957E0600091BBC9 /* NetworkError.swift */,
				9AD6CC542957E0720091BBC9 /* URLScheme.swift */,
			);
			path = Enumerations;
			sourceTree = "<group>";
		};
		9AD6CC562957E0920091BBC9 /* Protocols */ = {
			isa = PBXGroup;
			children = (
				9AD6CC572957E09A0091BBC9 /* Endpoint.swift */,
			);
			path = Protocols;
			sourceTree = "<group>";
		};
		9AD6CC592957E1AA0091BBC9 /* Endpoints */ = {
			isa = PBXGroup;
			children = (
				9AD6CC5A2957E1BA0091BBC9 /* BreedEndpoint.swift */,
			);
			path = Endpoints;
			sourceTree = "<group>";
		};
		9AD6CC5E2957E3AB0091BBC9 /* Model */ = {
			isa = PBXGroup;
			children = (
				9AD6CC612957E80C0091BBC9 /* BreedListModelViewModel.swift */,
				9AD6CC5F2957E3F90091BBC9 /* BreedListResult.swift */,
			);
			path = Model;
			sourceTree = "<group>";
		};
		9AD6CC632957E9E40091BBC9 /* Collection View */ = {
			isa = PBXGroup;
			children = (
				9AD6CC682957EB770091BBC9 /* BreedListCell.swift */,
				9AD6CC662957EA550091BBC9 /* BreedListCollectionViewController.swift */,
				9ACEEE852959127700B1F12E /* BreedListCollectionViewLayout.swift */,
			);
			path = "Collection View";
			sourceTree = "<group>";
		};
		9AD6CC642957E9EA0091BBC9 /* Controllers */ = {
			isa = PBXGroup;
			children = (
				9A72E90A2957CF8700A30BC0 /* BreedListCoordinator.swift */,
				9AD6CC5C2957E3880091BBC9 /* BreedListLoader.swift */,
				9A72E9102957CFA600A30BC0 /* BreedListViewController.swift */,
				9A72E9122957CFAB00A30BC0 /* BreedListViewModel.swift */,
			);
			path = Controllers;
			sourceTree = "<group>";
		};
		9ADA2688295B3F8F002320D6 /* Scenes */ = {
			isa = PBXGroup;
			children = (
				9ADA2689295B3F94002320D6 /* Filters */,
			);
			path = Scenes;
			sourceTree = "<group>";
		};
		9ADA2689295B3F94002320D6 /* Filters */ = {
			isa = PBXGroup;
			children = (
				9ADA2694295B6502002320D6 /* Model */,
				9ADA2693295B64F5002320D6 /* Controllers */,
				9ADA2692295B64F0002320D6 /* Collection View */,
			);
			path = Filters;
			sourceTree = "<group>";
		};
		9ADA2692295B64F0002320D6 /* Collection View */ = {
			isa = PBXGroup;
			children = (
				9ADA2690295B61E3002320D6 /* FavoritePicturesFilterCollectionViewController.swift */,
				9ADA2697295B65AE002320D6 /* FavoritePicturesFilterCollectionViewLayout.swift */,
				9ADA269B295B6757002320D6 /* FavoritePicturesCollectionViewCell.swift */,
			);
			path = "Collection View";
			sourceTree = "<group>";
		};
		9ADA2693295B64F5002320D6 /* Controllers */ = {
			isa = PBXGroup;
			children = (
				9ADA268A295B3F9E002320D6 /* FavoritePicturesFilterCoordinator.swift */,
				9ADA268C295B3FB0002320D6 /* FavoritePicturesFilterViewController.swift */,
				9ADA268E295B3FB7002320D6 /* FavoritePicturesFilterViewModel.swift */,
			);
			path = Controllers;
			sourceTree = "<group>";
		};
		9ADA2694295B6502002320D6 /* Model */ = {
			isa = PBXGroup;
			children = (
				9ADA2695295B6517002320D6 /* FavoritePicturesFilterItemViewModel.swift */,
			);
			path = Model;
			sourceTree = "<group>";
		};
		9ADA269D295B90EC002320D6 /* View */ = {
			isa = PBXGroup;
			children = (
				9ADA269E295B90F5002320D6 /* FavoritePicturesEmptyView.swift */,
			);
			path = View;
			sourceTree = "<group>";
		};
		9AF9E9CF295B9B1B00408814 /* Mocks */ = {
			isa = PBXGroup;
			children = (
				9AF9E9D0295B9B2200408814 /* Application */,
				9AF9E9D3295B9B6700408814 /* Network */,
				9AF9E9D6295B9C9400408814 /* Persistence */,
				9AF9E9E7295BCB3700408814 /* Scenes */,
			);
			path = Mocks;
			sourceTree = "<group>";
		};
		9AF9E9D0295B9B2200408814 /* Application */ = {
			isa = PBXGroup;
			children = (
				9AF9E9D1295B9B2E00408814 /* MockDependencyContainer.swift */,
			);
			path = Application;
			sourceTree = "<group>";
		};
		9AF9E9D3295B9B6700408814 /* Network */ = {
			isa = PBXGroup;
			children = (
				9AF9E9D4295B9B7300408814 /* MockNetworkEngine.swift */,
			);
			path = Network;
			sourceTree = "<group>";
		};
		9AF9E9D6295B9C9400408814 /* Persistence */ = {
			isa = PBXGroup;
			children = (
				9AF9E9D7295B9CA000408814 /* Favorites */,
			);
			path = Persistence;
			sourceTree = "<group>";
		};
		9AF9E9D7295B9CA000408814 /* Favorites */ = {
			isa = PBXGroup;
			children = (
				9AF9E9D8295B9CA700408814 /* MockFavoritesRepository.swift */,
			);
			path = Favorites;
			sourceTree = "<group>";
		};
		9AF9E9DA295BB85100408814 /* Tests */ = {
			isa = PBXGroup;
			children = (
				9AF9E9EB295BD1A600408814 /* Persistence */,
				9AF9E9DB295BB85B00408814 /* Scenes */,
			);
			path = Tests;
			sourceTree = "<group>";
		};
		9AF9E9DB295BB85B00408814 /* Scenes */ = {
			isa = PBXGroup;
			children = (
				9AF9E9DC295BB86100408814 /* Breed List */,
			);
			path = Scenes;
			sourceTree = "<group>";
		};
		9AF9E9DC295BB86100408814 /* Breed List */ = {
			isa = PBXGroup;
			children = (
				9AF9E9DD295BB88500408814 /* BreedListCoordinatorTests.swift */,
				9AF9E9DF295BC5DE00408814 /* BreedListLoaderTests.swift */,
				9AF9E9E5295BCB1C00408814 /* BreedListViewModelTests.swift */,
			);
			path = "Breed List";
			sourceTree = "<group>";
		};
		9AF9E9E1295BC66600408814 /* Stubs */ = {
			isa = PBXGroup;
			children = (
				9AF9E9EE295BD2BC00408814 /* Breed Pictures */,
				9AF9E9E2295BC66B00408814 /* Breed List */,
			);
			path = Stubs;
			sourceTree = "<group>";
		};
		9AF9E9E2295BC66B00408814 /* Breed List */ = {
			isa = PBXGroup;
			children = (
				9AF9E9E3295BC6ED00408814 /* BreedListResultStub.swift */,
			);
			path = "Breed List";
			sourceTree = "<group>";
		};
		9AF9E9E7295BCB3700408814 /* Scenes */ = {
			isa = PBXGroup;
			children = (
				9AF9E9E8295BCB3B00408814 /* Breed List */,
			);
			path = Scenes;
			sourceTree = "<group>";
		};
		9AF9E9E8295BCB3B00408814 /* Breed List */ = {
			isa = PBXGroup;
			children = (
				9AF9E9E9295BCB4400408814 /* MockBreedListLoader.swift */,
			);
			path = "Breed List";
			sourceTree = "<group>";
		};
		9AF9E9EB295BD1A600408814 /* Persistence */ = {
			isa = PBXGroup;
			children = (
				9AF9E9EC295BD1B400408814 /* FavoritesRepositoryTests.swift */,
			);
			path = Persistence;
			sourceTree = "<group>";
		};
		9AF9E9EE295BD2BC00408814 /* Breed Pictures */ = {
			isa = PBXGroup;
			children = (
				9AF9E9EF295BD2C800408814 /* BreedPictureModel+Stub.swift */,
			);
			path = "Breed Pictures";
			sourceTree = "<group>";
		};
/* End PBXGroup section */

/* Begin PBXNativeTarget section */
		9A72E8B92957C1EF00A30BC0 /* Dogr */ = {
			isa = PBXNativeTarget;
			buildConfigurationList = 9A72E8E42957C1EF00A30BC0 /* Build configuration list for PBXNativeTarget "Dogr" */;
			buildPhases = (
				9A72E8B62957C1EF00A30BC0 /* Sources */,
				9A72E8B72957C1EF00A30BC0 /* Frameworks */,
				9A72E8B82957C1EF00A30BC0 /* Resources */,
			);
			buildRules = (
			);
			dependencies = (
			);
			name = Dogr;
			productName = Dogr;
			productReference = 9A72E8BA2957C1EF00A30BC0 /* Dogr.app */;
			productType = "com.apple.product-type.application";
		};
		9A72E8CF2957C1EF00A30BC0 /* DogrTests */ = {
			isa = PBXNativeTarget;
			buildConfigurationList = 9A72E8E72957C1EF00A30BC0 /* Build configuration list for PBXNativeTarget "DogrTests" */;
			buildPhases = (
				9A72E8CC2957C1EF00A30BC0 /* Sources */,
				9A72E8CD2957C1EF00A30BC0 /* Frameworks */,
				9A72E8CE2957C1EF00A30BC0 /* Resources */,
			);
			buildRules = (
			);
			dependencies = (
				9A72E8D22957C1EF00A30BC0 /* PBXTargetDependency */,
			);
			name = DogrTests;
			productName = DogrTests;
			productReference = 9A72E8D02957C1EF00A30BC0 /* DogrTests.xctest */;
			productType = "com.apple.product-type.bundle.unit-test";
		};
		9A72E8D92957C1EF00A30BC0 /* DogrUITests */ = {
			isa = PBXNativeTarget;
			buildConfigurationList = 9A72E8EA2957C1EF00A30BC0 /* Build configuration list for PBXNativeTarget "DogrUITests" */;
			buildPhases = (
				9A72E8D62957C1EF00A30BC0 /* Sources */,
				9A72E8D72957C1EF00A30BC0 /* Frameworks */,
				9A72E8D82957C1EF00A30BC0 /* Resources */,
			);
			buildRules = (
			);
			dependencies = (
				9A72E8DC2957C1EF00A30BC0 /* PBXTargetDependency */,
			);
			name = DogrUITests;
			productName = DogrUITests;
			productReference = 9A72E8DA2957C1EF00A30BC0 /* DogrUITests.xctest */;
			productType = "com.apple.product-type.bundle.ui-testing";
		};
/* End PBXNativeTarget section */

/* Begin PBXProject section */
		9A72E8B22957C1EF00A30BC0 /* Project object */ = {
			isa = PBXProject;
			attributes = {
				BuildIndependentTargetsInParallel = 1;
				LastSwiftUpdateCheck = 1410;
				LastUpgradeCheck = 1410;
				TargetAttributes = {
					9A72E8B92957C1EF00A30BC0 = {
						CreatedOnToolsVersion = 14.1;
					};
					9A72E8CF2957C1EF00A30BC0 = {
						CreatedOnToolsVersion = 14.1;
						TestTargetID = 9A72E8B92957C1EF00A30BC0;
					};
					9A72E8D92957C1EF00A30BC0 = {
						CreatedOnToolsVersion = 14.1;
						TestTargetID = 9A72E8B92957C1EF00A30BC0;
					};
				};
			};
			buildConfigurationList = 9A72E8B52957C1EF00A30BC0 /* Build configuration list for PBXProject "Dogr" */;
			compatibilityVersion = "Xcode 14.0";
			developmentRegion = en;
			hasScannedForEncodings = 0;
			knownRegions = (
				en,
				Base,
			);
			mainGroup = 9A72E8B12957C1EF00A30BC0;
			productRefGroup = 9A72E8BB2957C1EF00A30BC0 /* Products */;
			projectDirPath = "";
			projectRoot = "";
			targets = (
				9A72E8B92957C1EF00A30BC0 /* Dogr */,
				9A72E8CF2957C1EF00A30BC0 /* DogrTests */,
				9A72E8D92957C1EF00A30BC0 /* DogrUITests */,
			);
		};
/* End PBXProject section */

/* Begin PBXResourcesBuildPhase section */
		9A72E8B82957C1EF00A30BC0 /* Resources */ = {
			isa = PBXResourcesBuildPhase;
			buildActionMask = 2147483647;
			files = (
				9A72E8CA2957C1EF00A30BC0 /* LaunchScreen.storyboard in Resources */,
				9A72E8C72957C1EF00A30BC0 /* Assets.xcassets in Resources */,
			);
			runOnlyForDeploymentPostprocessing = 0;
		};
		9A72E8CE2957C1EF00A30BC0 /* Resources */ = {
			isa = PBXResourcesBuildPhase;
			buildActionMask = 2147483647;
			files = (
			);
			runOnlyForDeploymentPostprocessing = 0;
		};
		9A72E8D82957C1EF00A30BC0 /* Resources */ = {
			isa = PBXResourcesBuildPhase;
			buildActionMask = 2147483647;
			files = (
			);
			runOnlyForDeploymentPostprocessing = 0;
		};
/* End PBXResourcesBuildPhase section */

/* Begin PBXSourcesBuildPhase section */
		9A72E8B62957C1EF00A30BC0 /* Sources */ = {
			isa = PBXSourcesBuildPhase;
			buildActionMask = 2147483647;
			files = (
				9ACEEE802958DD7900B1F12E /* BreedPictureModelViewModel.swift in Sources */,
				9A72E9202957D2A800A30BC0 /* Localizable.swift in Sources */,
				9AD6CC532957E0600091BBC9 /* NetworkError.swift in Sources */,
				9ACEEE9C2959378500B1F12E /* CollectionReusableView.swift in Sources */,
				9A72E9172957D0DA00A30BC0 /* BreedPicturesViewController.swift in Sources */,
				9A72E8FD2957CACB00A30BC0 /* DependencyContainer.swift in Sources */,
				9ADA269A295B6706002320D6 /* CollectionViewListCell.swift in Sources */,
				9A72E8FF2957CB3D00A30BC0 /* NavigationController.swift in Sources */,
				9AD6CC622957E80C0091BBC9 /* BreedListModelViewModel.swift in Sources */,
				9A72E90D2957CF9100A30BC0 /* BreedPicturesCoordinator.swift in Sources */,
				9ADA268D295B3FB0002320D6 /* FavoritePicturesFilterViewController.swift in Sources */,
				9A72E8F52957CA2E00A30BC0 /* AppCoordinator.swift in Sources */,
				9ACEEE822958DEA500B1F12E /* BreedPictureCell.swift in Sources */,
				9AD6CC692957EB770091BBC9 /* BreedListCell.swift in Sources */,
				9AD6CC582957E09A0091BBC9 /* Endpoint.swift in Sources */,
				9ACEEE7C2958DBBE00B1F12E /* BreedPicturesCollectionViewController.swift in Sources */,
				9AD6CC6F2957F4280091BBC9 /* CollectionViewCell.swift in Sources */,
				9AD6CC812957FDC70091BBC9 /* CATransition.swift in Sources */,
				9ACEEE9A2959376600B1F12E /* FavoritePicturesHeader.swift in Sources */,
				9ACEEE952959299600B1F12E /* ImageCell.swift in Sources */,
				9ACEEE9829592F1C00B1F12E /* BreedPictureGroupModel.swift in Sources */,
				9AD6CC7D2957FB430091BBC9 /* StringError.swift in Sources */,
				9AD6CC712957F93F0091BBC9 /* UIView.swift in Sources */,
				9A72E8F32957C8C000A30BC0 /* ViewController.swift in Sources */,
				9AD6CC7F2957FC480091BBC9 /* UIViewController.swift in Sources */,
				9ADA2696295B6517002320D6 /* FavoritePicturesFilterItemViewModel.swift in Sources */,
				9ACEEE792958CC0400B1F12E /* BreedPicturesModelResult.swift in Sources */,
				9AD6CC732957FAA90091BBC9 /* CellRegistable.swift in Sources */,
				9A72E91D2957D13D00A30BC0 /* FavoritePicturesViewModel.swift in Sources */,
				9ADA268F295B3FB7002320D6 /* FavoritePicturesFilterViewModel.swift in Sources */,
				9AD6CC752957FAC10091BBC9 /* Identifiable.swift in Sources */,
				9AD6CC6B2957F3D30091BBC9 /* CollectionViewController.swift in Sources */,
				9A72E9152957D00600A30BC0 /* ViewControllerRepresentable.swift in Sources */,
				9A72E8F92957CA5700A30BC0 /* Coordinator.swift in Sources */,
				9A72E9012957CB6800A30BC0 /* NavigationBar.swift in Sources */,
				9AD6CC4B2957E01B0091BBC9 /* NetworkEngine.swift in Sources */,
				9ACEEE862959127700B1F12E /* BreedListCollectionViewLayout.swift in Sources */,
				9A72E9052957CC0900A30BC0 /* TabBarCoordinator.swift in Sources */,
				9ADA2698295B65AE002320D6 /* FavoritePicturesFilterCollectionViewLayout.swift in Sources */,
				9AD6CC6D2957F3F10091BBC9 /* CollectionView.swift in Sources */,
				9AD6CC492957E00A0091BBC9 /* HTTPHeader.swift in Sources */,
				9ACEEE7E2958DBDC00B1F12E /* NSDirectionalEdgeInsets.swift in Sources */,
				9A72E9112957CFA600A30BC0 /* BreedListViewController.swift in Sources */,
				9AD6CC5B2957E1BA0091BBC9 /* BreedEndpoint.swift in Sources */,
				9ADA26A1295B910D002320D6 /* View.swift in Sources */,
				9A72E90B2957CF8700A30BC0 /* BreedListCoordinator.swift in Sources */,
				9AD6CC512957E0550091BBC9 /* HTTPMethod.swift in Sources */,
				9ADA2691295B61E3002320D6 /* FavoritePicturesFilterCollectionViewController.swift in Sources */,
				9ACEEE8B2959154E00B1F12E /* FavoritesRepository.swift in Sources */,
				9AD6CC4D2957E0330091BBC9 /* NetworkRequestBuilder.swift in Sources */,
				9ACEEE90295925B900B1F12E /* FavoritePicturesCollectionViewController.swift in Sources */,
				9A72E9232957D36500A30BC0 /* UIImage+System.swift in Sources */,
				9AD6CC4F2957E03F0091BBC9 /* NetworkResponseParser.swift in Sources */,
				9ACEEE932959272700B1F12E /* FavoritePicturesCell.swift in Sources */,
				9AD6CC602957E3F90091BBC9 /* BreedListResult.swift in Sources */,
				9AD6CC792957FB070091BBC9 /* UICollectionViewCell.swift in Sources */,
				9A72E90F2957CF9A00A30BC0 /* FavoritePicturesCoordinator.swift in Sources */,
				9AD6CC552957E0720091BBC9 /* URLScheme.swift in Sources */,
				9A72E8BE2957C1EF00A30BC0 /* AppDelegate.swift in Sources */,
				9A72E8F12957C81E00A30BC0 /* TabBarController.swift in Sources */,
				9A72E9132957CFAB00A30BC0 /* BreedListViewModel.swift in Sources */,
				9ADA268B295B3F9E002320D6 /* FavoritePicturesFilterCoordinator.swift in Sources */,
				9A72E8FB2957CAAD00A30BC0 /* Navigator.swift in Sources */,
				9ACEEE9E295938AE00B1F12E /* FavoritePicturesCollectionViewLayout.swift in Sources */,
				9ACEEE762958C88700B1F12E /* BreedPicturesLoader.swift in Sources */,
				9ACEEE842959121E00B1F12E /* BreedPicturesCollectionViewLayout.swift in Sources */,
				9ADA269C295B6757002320D6 /* FavoritePicturesCollectionViewCell.swift in Sources */,
				9A72E91B2957D13800A30BC0 /* FavoritePicturesViewController.swift in Sources */,
				9AD6CC7B2957FB1E0091BBC9 /* CellDequeuable.swift in Sources */,
				9ADA269F295B90F5002320D6 /* FavoritePicturesEmptyView.swift in Sources */,
				9A72E9032957CB8E00A30BC0 /* NavigationBarAppearance.swift in Sources */,
				9A72E9192957D0E000A30BC0 /* BreedPicturesViewModel.swift in Sources */,
				9ACEEE8E2959245D00B1F12E /* BreedPictureModel.swift in Sources */,
				9AD6CC5D2957E3880091BBC9 /* BreedListLoader.swift in Sources */,
				9AD6CC772957FAF80091BBC9 /* UICollectionView.swift in Sources */,
				9AD6CC672957EA550091BBC9 /* BreedListCollectionViewController.swift in Sources */,
			);
			runOnlyForDeploymentPostprocessing = 0;
		};
		9A72E8CC2957C1EF00A30BC0 /* Sources */ = {
			isa = PBXSourcesBuildPhase;
			buildActionMask = 2147483647;
			files = (
				9AF9E9D5295B9B7300408814 /* MockNetworkEngine.swift in Sources */,
				9AF9E9ED295BD1B400408814 /* FavoritesRepositoryTests.swift in Sources */,
				9AF9E9E4295BC6ED00408814 /* BreedListResultStub.swift in Sources */,
				9AF9E9E0295BC5DE00408814 /* BreedListLoaderTests.swift in Sources */,
				9AF9E9EA295BCB4400408814 /* MockBreedListLoader.swift in Sources */,
				9AF9E9D9295B9CA700408814 /* MockFavoritesRepository.swift in Sources */,
				9AF9E9D2295B9B2E00408814 /* MockDependencyContainer.swift in Sources */,
				9AF9E9F0295BD2C800408814 /* BreedPictureModel+Stub.swift in Sources */,
				9AF9E9DE295BB88500408814 /* BreedListCoordinatorTests.swift in Sources */,
				9AF9E9E6295BCB1C00408814 /* BreedListViewModelTests.swift in Sources */,
			);
			runOnlyForDeploymentPostprocessing = 0;
		};
		9A72E8D62957C1EF00A30BC0 /* Sources */ = {
			isa = PBXSourcesBuildPhase;
			buildActionMask = 2147483647;
			files = (
				9A72E8E12957C1EF00A30BC0 /* DogrUITestsLaunchTests.swift in Sources */,
				9A72E8DF2957C1EF00A30BC0 /* DogrUITests.swift in Sources */,
			);
			runOnlyForDeploymentPostprocessing = 0;
		};
/* End PBXSourcesBuildPhase section */

/* Begin PBXTargetDependency section */
		9A72E8D22957C1EF00A30BC0 /* PBXTargetDependency */ = {
			isa = PBXTargetDependency;
			target = 9A72E8B92957C1EF00A30BC0 /* Dogr */;
			targetProxy = 9A72E8D12957C1EF00A30BC0 /* PBXContainerItemProxy */;
		};
		9A72E8DC2957C1EF00A30BC0 /* PBXTargetDependency */ = {
			isa = PBXTargetDependency;
			target = 9A72E8B92957C1EF00A30BC0 /* Dogr */;
			targetProxy = 9A72E8DB2957C1EF00A30BC0 /* PBXContainerItemProxy */;
		};
/* End PBXTargetDependency section */

/* Begin PBXVariantGroup section */
		9A72E8C82957C1EF00A30BC0 /* LaunchScreen.storyboard */ = {
			isa = PBXVariantGroup;
			children = (
				9A72E8C92957C1EF00A30BC0 /* Base */,
			);
			name = LaunchScreen.storyboard;
			sourceTree = "<group>";
		};
/* End PBXVariantGroup section */

/* Begin XCBuildConfiguration section */
		9A72E8E22957C1EF00A30BC0 /* Debug */ = {
			isa = XCBuildConfiguration;
			buildSettings = {
				ALWAYS_SEARCH_USER_PATHS = NO;
				CLANG_ANALYZER_NONNULL = YES;
				CLANG_ANALYZER_NUMBER_OBJECT_CONVERSION = YES_AGGRESSIVE;
				CLANG_CXX_LANGUAGE_STANDARD = "gnu++20";
				CLANG_ENABLE_MODULES = YES;
				CLANG_ENABLE_OBJC_ARC = YES;
				CLANG_ENABLE_OBJC_WEAK = YES;
				CLANG_WARN_BLOCK_CAPTURE_AUTORELEASING = YES;
				CLANG_WARN_BOOL_CONVERSION = YES;
				CLANG_WARN_COMMA = YES;
				CLANG_WARN_CONSTANT_CONVERSION = YES;
				CLANG_WARN_DEPRECATED_OBJC_IMPLEMENTATIONS = YES;
				CLANG_WARN_DIRECT_OBJC_ISA_USAGE = YES_ERROR;
				CLANG_WARN_DOCUMENTATION_COMMENTS = YES;
				CLANG_WARN_EMPTY_BODY = YES;
				CLANG_WARN_ENUM_CONVERSION = YES;
				CLANG_WARN_INFINITE_RECURSION = YES;
				CLANG_WARN_INT_CONVERSION = YES;
				CLANG_WARN_NON_LITERAL_NULL_CONVERSION = YES;
				CLANG_WARN_OBJC_IMPLICIT_RETAIN_SELF = YES;
				CLANG_WARN_OBJC_LITERAL_CONVERSION = YES;
				CLANG_WARN_OBJC_ROOT_CLASS = YES_ERROR;
				CLANG_WARN_QUOTED_INCLUDE_IN_FRAMEWORK_HEADER = YES;
				CLANG_WARN_RANGE_LOOP_ANALYSIS = YES;
				CLANG_WARN_STRICT_PROTOTYPES = YES;
				CLANG_WARN_SUSPICIOUS_MOVE = YES;
				CLANG_WARN_UNGUARDED_AVAILABILITY = YES_AGGRESSIVE;
				CLANG_WARN_UNREACHABLE_CODE = YES;
				CLANG_WARN__DUPLICATE_METHOD_MATCH = YES;
				COPY_PHASE_STRIP = NO;
				DEBUG_INFORMATION_FORMAT = dwarf;
				ENABLE_STRICT_OBJC_MSGSEND = YES;
				ENABLE_TESTABILITY = YES;
				GCC_C_LANGUAGE_STANDARD = gnu11;
				GCC_DYNAMIC_NO_PIC = NO;
				GCC_NO_COMMON_BLOCKS = YES;
				GCC_OPTIMIZATION_LEVEL = 0;
				GCC_PREPROCESSOR_DEFINITIONS = (
					"DEBUG=1",
					"$(inherited)",
				);
				GCC_WARN_64_TO_32_BIT_CONVERSION = YES;
				GCC_WARN_ABOUT_RETURN_TYPE = YES_ERROR;
				GCC_WARN_UNDECLARED_SELECTOR = YES;
				GCC_WARN_UNINITIALIZED_AUTOS = YES_AGGRESSIVE;
				GCC_WARN_UNUSED_FUNCTION = YES;
				GCC_WARN_UNUSED_VARIABLE = YES;
				IPHONEOS_DEPLOYMENT_TARGET = 16.1;
				MTL_ENABLE_DEBUG_INFO = INCLUDE_SOURCE;
				MTL_FAST_MATH = YES;
				ONLY_ACTIVE_ARCH = YES;
				SDKROOT = iphoneos;
				SWIFT_ACTIVE_COMPILATION_CONDITIONS = DEBUG;
				SWIFT_OPTIMIZATION_LEVEL = "-Onone";
			};
			name = Debug;
		};
		9A72E8E32957C1EF00A30BC0 /* Release */ = {
			isa = XCBuildConfiguration;
			buildSettings = {
				ALWAYS_SEARCH_USER_PATHS = NO;
				CLANG_ANALYZER_NONNULL = YES;
				CLANG_ANALYZER_NUMBER_OBJECT_CONVERSION = YES_AGGRESSIVE;
				CLANG_CXX_LANGUAGE_STANDARD = "gnu++20";
				CLANG_ENABLE_MODULES = YES;
				CLANG_ENABLE_OBJC_ARC = YES;
				CLANG_ENABLE_OBJC_WEAK = YES;
				CLANG_WARN_BLOCK_CAPTURE_AUTORELEASING = YES;
				CLANG_WARN_BOOL_CONVERSION = YES;
				CLANG_WARN_COMMA = YES;
				CLANG_WARN_CONSTANT_CONVERSION = YES;
				CLANG_WARN_DEPRECATED_OBJC_IMPLEMENTATIONS = YES;
				CLANG_WARN_DIRECT_OBJC_ISA_USAGE = YES_ERROR;
				CLANG_WARN_DOCUMENTATION_COMMENTS = YES;
				CLANG_WARN_EMPTY_BODY = YES;
				CLANG_WARN_ENUM_CONVERSION = YES;
				CLANG_WARN_INFINITE_RECURSION = YES;
				CLANG_WARN_INT_CONVERSION = YES;
				CLANG_WARN_NON_LITERAL_NULL_CONVERSION = YES;
				CLANG_WARN_OBJC_IMPLICIT_RETAIN_SELF = YES;
				CLANG_WARN_OBJC_LITERAL_CONVERSION = YES;
				CLANG_WARN_OBJC_ROOT_CLASS = YES_ERROR;
				CLANG_WARN_QUOTED_INCLUDE_IN_FRAMEWORK_HEADER = YES;
				CLANG_WARN_RANGE_LOOP_ANALYSIS = YES;
				CLANG_WARN_STRICT_PROTOTYPES = YES;
				CLANG_WARN_SUSPICIOUS_MOVE = YES;
				CLANG_WARN_UNGUARDED_AVAILABILITY = YES_AGGRESSIVE;
				CLANG_WARN_UNREACHABLE_CODE = YES;
				CLANG_WARN__DUPLICATE_METHOD_MATCH = YES;
				COPY_PHASE_STRIP = NO;
				DEBUG_INFORMATION_FORMAT = "dwarf-with-dsym";
				ENABLE_NS_ASSERTIONS = NO;
				ENABLE_STRICT_OBJC_MSGSEND = YES;
				GCC_C_LANGUAGE_STANDARD = gnu11;
				GCC_NO_COMMON_BLOCKS = YES;
				GCC_WARN_64_TO_32_BIT_CONVERSION = YES;
				GCC_WARN_ABOUT_RETURN_TYPE = YES_ERROR;
				GCC_WARN_UNDECLARED_SELECTOR = YES;
				GCC_WARN_UNINITIALIZED_AUTOS = YES_AGGRESSIVE;
				GCC_WARN_UNUSED_FUNCTION = YES;
				GCC_WARN_UNUSED_VARIABLE = YES;
				IPHONEOS_DEPLOYMENT_TARGET = 16.1;
				MTL_ENABLE_DEBUG_INFO = NO;
				MTL_FAST_MATH = YES;
				SDKROOT = iphoneos;
				SWIFT_COMPILATION_MODE = wholemodule;
				SWIFT_OPTIMIZATION_LEVEL = "-O";
				VALIDATE_PRODUCT = YES;
			};
			name = Release;
		};
		9A72E8E52957C1EF00A30BC0 /* Debug */ = {
			isa = XCBuildConfiguration;
			buildSettings = {
				ASSETCATALOG_COMPILER_APPICON_NAME = AppIcon;
				ASSETCATALOG_COMPILER_GLOBAL_ACCENT_COLOR_NAME = AccentColor;
				CODE_SIGN_STYLE = Automatic;
				CURRENT_PROJECT_VERSION = 1;
				DEVELOPMENT_TEAM = 64E8842TP6;
				GENERATE_INFOPLIST_FILE = YES;
				INFOPLIST_FILE = "Dogr/Supporting Files/Info.plist";
				INFOPLIST_KEY_UIApplicationSupportsIndirectInputEvents = YES;
				INFOPLIST_KEY_UILaunchStoryboardName = LaunchScreen;
				INFOPLIST_KEY_UIMainStoryboardFile = "";
				INFOPLIST_KEY_UISupportedInterfaceOrientations_iPad = "UIInterfaceOrientationPortrait UIInterfaceOrientationPortraitUpsideDown UIInterfaceOrientationLandscapeLeft UIInterfaceOrientationLandscapeRight";
				INFOPLIST_KEY_UISupportedInterfaceOrientations_iPhone = "UIInterfaceOrientationPortrait UIInterfaceOrientationLandscapeLeft UIInterfaceOrientationLandscapeRight";
				LD_RUNPATH_SEARCH_PATHS = (
					"$(inherited)",
					"@executable_path/Frameworks",
				);
				MARKETING_VERSION = 1.0;
				PRODUCT_BUNDLE_IDENTIFIER = com.TiagoSantos.Dogr;
				PRODUCT_NAME = "$(TARGET_NAME)";
				SWIFT_EMIT_LOC_STRINGS = YES;
				SWIFT_VERSION = 5.0;
				TARGETED_DEVICE_FAMILY = "1,2";
			};
			name = Debug;
		};
		9A72E8E62957C1EF00A30BC0 /* Release */ = {
			isa = XCBuildConfiguration;
			buildSettings = {
				ASSETCATALOG_COMPILER_APPICON_NAME = AppIcon;
				ASSETCATALOG_COMPILER_GLOBAL_ACCENT_COLOR_NAME = AccentColor;
				CODE_SIGN_STYLE = Automatic;
				CURRENT_PROJECT_VERSION = 1;
				DEVELOPMENT_TEAM = 64E8842TP6;
				GENERATE_INFOPLIST_FILE = YES;
				INFOPLIST_FILE = "Dogr/Supporting Files/Info.plist";
				INFOPLIST_KEY_UIApplicationSupportsIndirectInputEvents = YES;
				INFOPLIST_KEY_UILaunchStoryboardName = LaunchScreen;
				INFOPLIST_KEY_UIMainStoryboardFile = "";
				INFOPLIST_KEY_UISupportedInterfaceOrientations_iPad = "UIInterfaceOrientationPortrait UIInterfaceOrientationPortraitUpsideDown UIInterfaceOrientationLandscapeLeft UIInterfaceOrientationLandscapeRight";
				INFOPLIST_KEY_UISupportedInterfaceOrientations_iPhone = "UIInterfaceOrientationPortrait UIInterfaceOrientationLandscapeLeft UIInterfaceOrientationLandscapeRight";
				LD_RUNPATH_SEARCH_PATHS = (
					"$(inherited)",
					"@executable_path/Frameworks",
				);
				MARKETING_VERSION = 1.0;
				PRODUCT_BUNDLE_IDENTIFIER = com.TiagoSantos.Dogr;
				PRODUCT_NAME = "$(TARGET_NAME)";
				SWIFT_EMIT_LOC_STRINGS = YES;
				SWIFT_VERSION = 5.0;
				TARGETED_DEVICE_FAMILY = "1,2";
			};
			name = Release;
		};
		9A72E8E82957C1EF00A30BC0 /* Debug */ = {
			isa = XCBuildConfiguration;
			buildSettings = {
				ALWAYS_EMBED_SWIFT_STANDARD_LIBRARIES = YES;
				BUNDLE_LOADER = "$(TEST_HOST)";
				CODE_SIGN_STYLE = Automatic;
				CURRENT_PROJECT_VERSION = 1;
				DEVELOPMENT_TEAM = 64E8842TP6;
				GENERATE_INFOPLIST_FILE = YES;
				IPHONEOS_DEPLOYMENT_TARGET = 16.1;
				MARKETING_VERSION = 1.0;
				PRODUCT_BUNDLE_IDENTIFIER = com.TiagoSantos.DogrTests;
				PRODUCT_NAME = "$(TARGET_NAME)";
				SWIFT_EMIT_LOC_STRINGS = NO;
				SWIFT_VERSION = 5.0;
				TARGETED_DEVICE_FAMILY = "1,2";
				TEST_HOST = "$(BUILT_PRODUCTS_DIR)/Dogr.app/$(BUNDLE_EXECUTABLE_FOLDER_PATH)/Dogr";
			};
			name = Debug;
		};
		9A72E8E92957C1EF00A30BC0 /* Release */ = {
			isa = XCBuildConfiguration;
			buildSettings = {
				ALWAYS_EMBED_SWIFT_STANDARD_LIBRARIES = YES;
				BUNDLE_LOADER = "$(TEST_HOST)";
				CODE_SIGN_STYLE = Automatic;
				CURRENT_PROJECT_VERSION = 1;
				DEVELOPMENT_TEAM = 64E8842TP6;
				GENERATE_INFOPLIST_FILE = YES;
				IPHONEOS_DEPLOYMENT_TARGET = 16.1;
				MARKETING_VERSION = 1.0;
				PRODUCT_BUNDLE_IDENTIFIER = com.TiagoSantos.DogrTests;
				PRODUCT_NAME = "$(TARGET_NAME)";
				SWIFT_EMIT_LOC_STRINGS = NO;
				SWIFT_VERSION = 5.0;
				TARGETED_DEVICE_FAMILY = "1,2";
				TEST_HOST = "$(BUILT_PRODUCTS_DIR)/Dogr.app/$(BUNDLE_EXECUTABLE_FOLDER_PATH)/Dogr";
			};
			name = Release;
		};
		9A72E8EB2957C1EF00A30BC0 /* Debug */ = {
			isa = XCBuildConfiguration;
			buildSettings = {
				ALWAYS_EMBED_SWIFT_STANDARD_LIBRARIES = YES;
				CODE_SIGN_STYLE = Automatic;
				CURRENT_PROJECT_VERSION = 1;
				DEVELOPMENT_TEAM = 64E8842TP6;
				GENERATE_INFOPLIST_FILE = YES;
				MARKETING_VERSION = 1.0;
				PRODUCT_BUNDLE_IDENTIFIER = com.TiagoSantos.DogrUITests;
				PRODUCT_NAME = "$(TARGET_NAME)";
				SWIFT_EMIT_LOC_STRINGS = NO;
				SWIFT_VERSION = 5.0;
				TARGETED_DEVICE_FAMILY = "1,2";
				TEST_TARGET_NAME = Dogr;
			};
			name = Debug;
		};
		9A72E8EC2957C1EF00A30BC0 /* Release */ = {
			isa = XCBuildConfiguration;
			buildSettings = {
				ALWAYS_EMBED_SWIFT_STANDARD_LIBRARIES = YES;
				CODE_SIGN_STYLE = Automatic;
				CURRENT_PROJECT_VERSION = 1;
				DEVELOPMENT_TEAM = 64E8842TP6;
				GENERATE_INFOPLIST_FILE = YES;
				MARKETING_VERSION = 1.0;
				PRODUCT_BUNDLE_IDENTIFIER = com.TiagoSantos.DogrUITests;
				PRODUCT_NAME = "$(TARGET_NAME)";
				SWIFT_EMIT_LOC_STRINGS = NO;
				SWIFT_VERSION = 5.0;
				TARGETED_DEVICE_FAMILY = "1,2";
				TEST_TARGET_NAME = Dogr;
			};
			name = Release;
		};
/* End XCBuildConfiguration section */

/* Begin XCConfigurationList section */
		9A72E8B52957C1EF00A30BC0 /* Build configuration list for PBXProject "Dogr" */ = {
			isa = XCConfigurationList;
			buildConfigurations = (
				9A72E8E22957C1EF00A30BC0 /* Debug */,
				9A72E8E32957C1EF00A30BC0 /* Release */,
			);
			defaultConfigurationIsVisible = 0;
			defaultConfigurationName = Release;
		};
		9A72E8E42957C1EF00A30BC0 /* Build configuration list for PBXNativeTarget "Dogr" */ = {
			isa = XCConfigurationList;
			buildConfigurations = (
				9A72E8E52957C1EF00A30BC0 /* Debug */,
				9A72E8E62957C1EF00A30BC0 /* Release */,
			);
			defaultConfigurationIsVisible = 0;
			defaultConfigurationName = Release;
		};
		9A72E8E72957C1EF00A30BC0 /* Build configuration list for PBXNativeTarget "DogrTests" */ = {
			isa = XCConfigurationList;
			buildConfigurations = (
				9A72E8E82957C1EF00A30BC0 /* Debug */,
				9A72E8E92957C1EF00A30BC0 /* Release */,
			);
			defaultConfigurationIsVisible = 0;
			defaultConfigurationName = Release;
		};
		9A72E8EA2957C1EF00A30BC0 /* Build configuration list for PBXNativeTarget "DogrUITests" */ = {
			isa = XCConfigurationList;
			buildConfigurations = (
				9A72E8EB2957C1EF00A30BC0 /* Debug */,
				9A72E8EC2957C1EF00A30BC0 /* Release */,
			);
			defaultConfigurationIsVisible = 0;
			defaultConfigurationName = Release;
		};
/* End XCConfigurationList section */
	};
	rootObject = 9A72E8B22957C1EF00A30BC0 /* Project object */;
}
